
Microsoft Visual Studio Solution File, Format Version 12.00
# Visual Studio Version 17
VisualStudioVersion = 17.8.34525.116
MinimumVisualStudioVersion = 10.0.40219.1
Project("{9A19103F-16F7-4668-BE54-9A1E7A4F7556}") = "TravelAgency.Web", "TravelAgency.Web\TravelAgency.Web.csproj", "{5A064BB8-DA6F-4430-82B3-490EF9E6057D}"
EndProject
Project("{9A19103F-16F7-4668-BE54-9A1E7A4F7556}") = "EntityLayer", "EntityLayer\EntityLayer.csproj", "{C669B558-771E-4B51-B3D0-A59F26DF4A7E}"
EndProject
Project("{9A19103F-16F7-4668-BE54-9A1E7A4F7556}") = "DataAccessLayer", "DataAccessLayer\DataAccessLayer.csproj", "{7514A92F-8128-4BA9-BAB0-9DA689DA7423}"
EndProject
Project("{9A19103F-16F7-4668-BE54-9A1E7A4F7556}") = "BusinessLayer", "BusinessLayer\BusinessLayer.csproj", "{89B68911-640E-47ED-B8C8-60A7D6EC6EBE}"
EndProject
Project("{9A19103F-16F7-4668-BE54-9A1E7A4F7556}") = "DTOLayer", "DTOLayer\DTOLayer.csproj", "{6BB89446-48D9-4B7A-B659-44CEF63422B0}"
EndProject
Project("{9A19103F-16F7-4668-BE54-9A1E7A4F7556}") = "SignalRApi", "SignalRApi\SignalRApi.csproj", "{842E3759-4F6E-45A1-929C-DF4624F3C419}"
EndProject
Project("{FAE04EC0-301F-11D3-BF4B-00C04F79EFBC}") = "SignalRConsume", "SignalRConsume\SignalRConsume.csproj", "{81754EE2-0140-4A29-89F5-88F7418CF14F}"
EndProject
Global
	GlobalSection(SolutionConfigurationPlatforms) = preSolution
		Debug|Any CPU = Debug|Any CPU
		Release|Any CPU = Release|Any CPU
	EndGlobalSection
	GlobalSection(ProjectConfigurationPlatforms) = postSolution
		{5A064BB8-DA6F-4430-82B3-490EF9E6057D}.Debug|Any CPU.ActiveCfg = Debug|Any CPU
		{5A064BB8-DA6F-4430-82B3-490EF9E6057D}.Debug|Any CPU.Build.0 = Debug|Any CPU
		{5A064BB8-DA6F-4430-82B3-490EF9E6057D}.Release|Any CPU.ActiveCfg = Release|Any CPU
		{5A064BB8-DA6F-4430-82B3-490EF9E6057D}.Release|Any CPU.Build.0 = Release|Any CPU
		{C669B558-771E-4B51-B3D0-A59F26DF4A7E}.Debug|Any CPU.ActiveCfg = Debug|Any CPU
		{C669B558-771E-4B51-B3D0-A59F26DF4A7E}.Debug|Any CPU.Build.0 = Debug|Any CPU
		{C669B558-771E-4B51-B3D0-A59F26DF4A7E}.Release|Any CPU.ActiveCfg = Release|Any CPU
		{C669B558-771E-4B51-B3D0-A59F26DF4A7E}.Release|Any CPU.Build.0 = Release|Any CPU
		{7514A92F-8128-4BA9-BAB0-9DA689DA7423}.Debug|Any CPU.ActiveCfg = Debug|Any CPU
		{7514A92F-8128-4BA9-BAB0-9DA689DA7423}.Debug|Any CPU.Build.0 = Debug|Any CPU
		{7514A92F-8128-4BA9-BAB0-9DA689DA7423}.Release|Any CPU.ActiveCfg = Release|Any CPU
		{7514A92F-8128-4BA9-BAB0-9DA689DA7423}.Release|Any CPU.Build.0 = Release|Any CPU
		{89B68911-640E-47ED-B8C8-60A7D6EC6EBE}.Debug|Any CPU.ActiveCfg = Debug|Any CPU
		{89B68911-640E-47ED-B8C8-60A7D6EC6EBE}.Debug|Any CPU.Build.0 = Debug|Any CPU
		{89B68911-640E-47ED-B8C8-60A7D6EC6EBE}.Release|Any CPU.ActiveCfg = Release|Any CPU
		{89B68911-640E-47ED-B8C8-60A7D6EC6EBE}.Release|Any CPU.Build.0 = Release|Any CPU
		{6BB89446-48D9-4B7A-B659-44CEF63422B0}.Debug|Any CPU.ActiveCfg = Debug|Any CPU
		{6BB89446-48D9-4B7A-B659-44CEF63422B0}.Debug|Any CPU.Build.0 = Debug|Any CPU
		{6BB89446-48D9-4B7A-B659-44CEF63422B0}.Release|Any CPU.ActiveCfg = Release|Any CPU
		{6BB89446-48D9-4B7A-B659-44CEF63422B0}.Release|Any CPU.Build.0 = Release|Any CPU
		{842E3759-4F6E-45A1-929C-DF4624F3C419}.Debug|Any CPU.ActiveCfg = Debug|Any CPU
		{842E3759-4F6E-45A1-929C-DF4624F3C419}.Debug|Any CPU.Build.0 = Debug|Any CPU
		{842E3759-4F6E-45A1-929C-DF4624F3C419}.Release|Any CPU.ActiveCfg = Release|Any CPU
		{842E3759-4F6E-45A1-929C-DF4624F3C419}.Release|Any CPU.Build.0 = Release|Any CPU
		{81754EE2-0140-4A29-89F5-88F7418CF14F}.Debug|Any CPU.ActiveCfg = Debug|Any CPU
		{81754EE2-0140-4A29-89F5-88F7418CF14F}.Debug|Any CPU.Build.0 = Debug|Any CPU
		{81754EE2-0140-4A29-89F5-88F7418CF14F}.Release|Any CPU.ActiveCfg = Release|Any CPU
		{81754EE2-0140-4A29-89F5-88F7418CF14F}.Release|Any CPU.Build.0 = Release|Any CPU
	EndGlobalSection
	GlobalSection(SolutionProperties) = preSolution
		HideSolutionNode = FALSE
	EndGlobalSection
	GlobalSection(ExtensibilityGlobals) = postSolution
		SolutionGuid = {C6B6A7F9-75C5-423C-8394-C472B7B31E09}
	EndGlobalSection
EndGlobal
